
Microsoft Visual Studio Solution File, Format Version 12.00
# Visual Studio 15
VisualStudioVersion = 15.0.27130.2036
MinimumVisualStudioVersion = 10.0.40219.1
Project("{FAE04EC0-301F-11D3-BF4B-00C04F79EFBC}") = "readfromfile", "readfromfile\readfromfile.csproj", "{4A635FF5-501E-4C38-9D34-8184C9629E9F}"
EndProject
Global
	GlobalSection(SolutionConfigurationPlatforms) = preSolution
		Debug|Any CPU = Debug|Any CPU
		Release|Any CPU = Release|Any CPU
	EndGlobalSection
	GlobalSection(ProjectConfigurationPlatforms) = postSolution
		{4A635FF5-501E-4C38-9D34-8184C9629E9F}.Debug|Any CPU.ActiveCfg = Debug|Any CPU
		{4A635FF5-501E-4C38-9D34-8184C9629E9F}.Debug|Any CPU.Build.0 = Debug|Any CPU
		{4A635FF5-501E-4C38-9D34-8184C9629E9F}.Release|Any CPU.ActiveCfg = Release|Any CPU
		{4A635FF5-501E-4C38-9D34-8184C9629E9F}.Release|Any CPU.Build.0 = Release|Any CPU
	EndGlobalSection
	GlobalSection(SolutionProperties) = preSolution
		HideSolutionNode = FALSE
	EndGlobalSection
	GlobalSection(ExtensibilityGlobals) = postSolution
		SolutionGuid = {9ECBD25B-33F7-4C4B-A7AE-911B11749C89}
	EndGlobalSection
EndGlobal
